# This file was autogenerated by Stack.
# You should not edit this file by hand.
# For more information, please see the documentation at:
#   https://docs.haskellstack.org/en/stable/lock_files

packages:
- completed:
    hackage: some-dict-of-0.1.0.0@sha256:86b430a1cc30b2edbc15381c1c524a58228e87987293db1c4ab340516d20420c,1334
    pantry-tree:
      sha256: 8a1b8b942434a31b6496d5d5b28c24457bdba8c892097b179acfecdee6f75b76
      size: 366
  original:
    hackage: some-dict-of-0.1.0.0
snapshots:
- completed:
    sha256: 428ec8d5ce932190d3cbe266b9eb3c175cd81e984babf876b64019e2cbe4ea68
    size: 590100
    url: https://raw.githubusercontent.com/commercialhaskell/stackage-snapshots/master/lts/18/28.yaml
  original: lts-18.28
